
Microsoft Visual Studio Solution File, Format Version 12.00
# Visual Studio Version 16
VisualStudioVersion = 16.0.33529.622
MinimumVisualStudioVersion = 10.0.40219.1
Project("{FAE04EC0-301F-11D3-BF4B-00C04F79EFBC}") = "EFSoftBreak", "EFSoftBreak\EFSoftBreak.csproj", "{CFE02CA3-5778-44B9-98A5-7005A95FBC08}"
EndProject
Global
	GlobalSection(SolutionConfigurationPlatforms) = preSolution
		Debug|Any CPU = Debug|Any CPU
		Release|Any CPU = Release|Any CPU
	EndGlobalSection
	GlobalSection(ProjectConfigurationPlatforms) = postSolution
		{CFE02CA3-5778-44B9-98A5-7005A95FBC08}.Debug|Any CPU.ActiveCfg = Debug|Any CPU
		{CFE02CA3-5778-44B9-98A5-7005A95FBC08}.Debug|Any CPU.Build.0 = Debug|Any CPU
		{CFE02CA3-5778-44B9-98A5-7005A95FBC08}.Release|Any CPU.ActiveCfg = Release|Any CPU
		{CFE02CA3-5778-44B9-98A5-7005A95FBC08}.Release|Any CPU.Build.0 = Release|Any CPU
	EndGlobalSection
	GlobalSection(SolutionProperties) = preSolution
		HideSolutionNode = FALSE
	EndGlobalSection
	GlobalSection(ExtensibilityGlobals) = postSolution
		SolutionGuid = {DE3802C9-09E2-4061-BE84-16ADC7A2FFEA}
	EndGlobalSection
EndGlobal
